
Microsoft Visual Studio Solution File, Format Version 12.00
# Visual Studio Version 17
VisualStudioVersion = 17.7.34024.191
MinimumVisualStudioVersion = 10.0.40219.1
Project("{FAE04EC0-301F-11D3-BF4B-00C04F79EFBC}") = "AddLinkedList", "AddLinkedList\AddLinkedList.csproj", "{A05A44FE-0574-4115-A8B5-64FA0DA7A4BC}"
EndProject
Global
	GlobalSection(SolutionConfigurationPlatforms) = preSolution
		Debug|Any CPU = Debug|Any CPU
		Release|Any CPU = Release|Any CPU
	EndGlobalSection
	GlobalSection(ProjectConfigurationPlatforms) = postSolution
		{A05A44FE-0574-4115-A8B5-64FA0DA7A4BC}.Debug|Any CPU.ActiveCfg = Debug|Any CPU
		{A05A44FE-0574-4115-A8B5-64FA0DA7A4BC}.Debug|Any CPU.Build.0 = Debug|Any CPU
		{A05A44FE-0574-4115-A8B5-64FA0DA7A4BC}.Release|Any CPU.ActiveCfg = Release|Any CPU
		{A05A44FE-0574-4115-A8B5-64FA0DA7A4BC}.Release|Any CPU.Build.0 = Release|Any CPU
	EndGlobalSection
	GlobalSection(SolutionProperties) = preSolution
		HideSolutionNode = FALSE
	EndGlobalSection
	GlobalSection(ExtensibilityGlobals) = postSolution
		SolutionGuid = {641E78F6-EE8A-46DF-82DD-709308E25EED}
	EndGlobalSection
EndGlobal
